<?xml version="1.0" encoding="utf-8"?>
<Project ToolsVersion="17.0" xmlns="http://schemas.microsoft.com/developer/msbuild/2003">
  <ItemGroup>
    <CustomBuild Include="C:\Users\Lenovo PC\Documents\GitHub\dflat\Oric-DFLAT\emulator\util\dftxt2tap\CMakeFiles\ff5446c564cb60d55b0f7bfc77d2b6de\generate.stamp.rule">
      <Filter>CMake Rules</Filter>
    </CustomBuild>
  </ItemGroup>
  <ItemGroup>
    <Filter Include="CMake Rules">
      <UniqueIdentifier>{61FB9835-40E2-376F-B4B3-042D83280FF9}</UniqueIdentifier>
    </Filter>
  </ItemGroup>
</Project>
